
Microsoft Visual Studio Solution File, Format Version 12.00
# Visual Studio 15
VisualStudioVersion = 15.0.28307.572
MinimumVisualStudioVersion = 10.0.40219.1
Project("{FAE04EC0-301F-11D3-BF4B-00C04F79EFBC}") = "WebApplication1", "WebApplication1\WebApplication1.csproj", "{AF65BF42-BAC1-400F-8FE3-3C4B3AE9833E}"
EndProject
Global
	GlobalSection(SolutionConfigurationPlatforms) = preSolution
		Debug|Any CPU = Debug|Any CPU
		Release|Any CPU = Release|Any CPU
	EndGlobalSection
	GlobalSection(ProjectConfigurationPlatforms) = postSolution
		{AF65BF42-BAC1-400F-8FE3-3C4B3AE9833E}.Debug|Any CPU.ActiveCfg = Debug|Any CPU
		{AF65BF42-BAC1-400F-8FE3-3C4B3AE9833E}.Debug|Any CPU.Build.0 = Debug|Any CPU
		{AF65BF42-BAC1-400F-8FE3-3C4B3AE9833E}.Release|Any CPU.ActiveCfg = Release|Any CPU
		{AF65BF42-BAC1-400F-8FE3-3C4B3AE9833E}.Release|Any CPU.Build.0 = Release|Any CPU
	EndGlobalSection
	GlobalSection(SolutionProperties) = preSolution
		HideSolutionNode = FALSE
	EndGlobalSection
	GlobalSection(ExtensibilityGlobals) = postSolution
		SolutionGuid = {2970B7D1-BB61-4BCD-B4E8-E1B4AD34D6E1}
	EndGlobalSection
EndGlobal
